// !$*UTF8*$!
{
	archiveVersion = 1;
	classes = {
	};
	objectVersion = 50;
	objects = {

/* Begin PBXBuildFile section */
		C0248F4A22FBB72A00C7387E /* AppDelegate.swift in Sources */ = {isa = PBXBuildFile; fileRef = C0248F4922FBB72A00C7387E /* AppDelegate.swift */; };
		C0248F4C22FBB72A00C7387E /* ViewController.swift in Sources */ = {isa = PBXBuildFile; fileRef = C0248F4B22FBB72A00C7387E /* ViewController.swift */; };
		C0248F4F22FBB72A00C7387E /* Main.storyboard in Resources */ = {isa = PBXBuildFile; fileRef = C0248F4D22FBB72A00C7387E /* Main.storyboard */; };
		C0248F5122FBB72A00C7387E /* Assets.xcassets in Resources */ = {isa = PBXBuildFile; fileRef = C0248F5022FBB72A00C7387E /* Assets.xcassets */; };
		C0248F5422FBB72A00C7387E /* LaunchScreen.storyboard in Resources */ = {isa = PBXBuildFile; fileRef = C0248F5222FBB72A00C7387E /* LaunchScreen.storyboard */; };
		C0248F5F22FBB72B00C7387E /* ZnTextViewSampleTests.swift in Sources */ = {isa = PBXBuildFile; fileRef = C0248F5E22FBB72B00C7387E /* ZnTextViewSampleTests.swift */; };
		C0248F6A22FBB72B00C7387E /* ZnTextViewSampleUITests.swift in Sources */ = {isa = PBXBuildFile; fileRef = C0248F6922FBB72B00C7387E /* ZnTextViewSampleUITests.swift */; };
		C0248F7A22FBFD4C00C7387E /* ZnTextView.swift in Sources */ = {isa = PBXBuildFile; fileRef = C0248F7922FBFD4C00C7387E /* ZnTextView.swift */; };
/* End PBXBuildFile section */

/* Begin PBXContainerItemProxy section */
		C0248F5B22FBB72B00C7387E /* PBXContainerItemProxy */ = {
			isa = PBXContainerItemProxy;
			containerPortal = C0248F3E22FBB72A00C7387E /* Project object */;
			proxyType = 1;
			remoteGlobalIDString = C0248F4522FBB72A00C7387E;
			remoteInfo = ZnTextViewSample;
		};
		C0248F6622FBB72B00C7387E /* PBXContainerItemProxy */ = {
			isa = PBXContainerItemProxy;
			containerPortal = C0248F3E22FBB72A00C7387E /* Project object */;
			proxyType = 1;
			remoteGlobalIDString = C0248F4522FBB72A00C7387E;
			remoteInfo = ZnTextViewSample;
		};
/* End PBXContainerItemProxy section */

/* Begin PBXFileReference section */
		C0248F4622FBB72A00C7387E /* ZnTextViewSample.app */ = {isa = PBXFileReference; explicitFileType = wrapper.application; includeInIndex = 0; path = ZnTextViewSample.app; sourceTree = BUILT_PRODUCTS_DIR; };
		C0248F4922FBB72A00C7387E /* AppDelegate.swift */ = {isa = PBXFileReference; lastKnownFileType = sourcecode.swift; path = AppDelegate.swift; sourceTree = "<group>"; };
		C0248F4B22FBB72A00C7387E /* ViewController.swift */ = {isa = PBXFileReference; lastKnownFileType = sourcecode.swift; path = ViewController.swift; sourceTree = "<group>"; };
		C0248F4E22FBB72A00C7387E /* Base */ = {isa = PBXFileReference; lastKnownFileType = file.storyboard; name = Base; path = Base.lproj/Main.storyboard; sourceTree = "<group>"; };
		C0248F5022FBB72A00C7387E /* Assets.xcassets */ = {isa = PBXFileReference; lastKnownFileType = folder.assetcatalog; path = Assets.xcassets; sourceTree = "<group>"; };
		C0248F5322FBB72A00C7387E /* Base */ = {isa = PBXFileReference; lastKnownFileType = file.storyboard; name = Base; path = Base.lproj/LaunchScreen.storyboard; sourceTree = "<group>"; };
		C0248F5522FBB72A00C7387E /* Info.plist */ = {isa = PBXFileReference; lastKnownFileType = text.plist.xml; path = Info.plist; sourceTree = "<group>"; };
		C0248F5A22FBB72B00C7387E /* ZnTextViewSampleTests.xctest */ = {isa = PBXFileReference; explicitFileType = wrapper.cfbundle; includeInIndex = 0; path = ZnTextViewSampleTests.xctest; sourceTree = BUILT_PRODUCTS_DIR; };
		C0248F5E22FBB72B00C7387E /* ZnTextViewSampleTests.swift */ = {isa = PBXFileReference; lastKnownFileType = sourcecode.swift; path = ZnTextViewSampleTests.swift; sourceTree = "<group>"; };
		C0248F6022FBB72B00C7387E /* Info.plist */ = {isa = PBXFileReference; lastKnownFileType = text.plist.xml; path = Info.plist; sourceTree = "<group>"; };
		C0248F6522FBB72B00C7387E /* ZnTextViewSampleUITests.xctest */ = {isa = PBXFileReference; explicitFileType = wrapper.cfbundle; includeInIndex = 0; path = ZnTextViewSampleUITests.xctest; sourceTree = BUILT_PRODUCTS_DIR; };
		C0248F6922FBB72B00C7387E /* ZnTextViewSampleUITests.swift */ = {isa = PBXFileReference; lastKnownFileType = sourcecode.swift; path = ZnTextViewSampleUITests.swift; sourceTree = "<group>"; };
		C0248F6B22FBB72B00C7387E /* Info.plist */ = {isa = PBXFileReference; lastKnownFileType = text.plist.xml; path = Info.plist; sourceTree = "<group>"; };
		C0248F7922FBFD4C00C7387E /* ZnTextView.swift */ = {isa = PBXFileReference; fileEncoding = 4; lastKnownFileType = sourcecode.swift; path = ZnTextView.swift; sourceTree = "<group>"; };
/* End PBXFileReference section */

/* Begin PBXFrameworksBuildPhase section */
		C0248F4322FBB72A00C7387E /* Frameworks */ = {
			isa = PBXFrameworksBuildPhase;
			buildActionMask = 2147483647;
			files = (
			);
			runOnlyForDeploymentPostprocessing = 0;
		};
		C0248F5722FBB72B00C7387E /* Frameworks */ = {
			isa = PBXFrameworksBuildPhase;
			buildActionMask = 2147483647;
			files = (
			);
			runOnlyForDeploymentPostprocessing = 0;
		};
		C0248F6222FBB72B00C7387E /* Frameworks */ = {
			isa = PBXFrameworksBuildPhase;
			buildActionMask = 2147483647;
			files = (
			);
			runOnlyForDeploymentPostprocessing = 0;
		};
/* End PBXFrameworksBuildPhase section */

/* Begin PBXGroup section */
		C0248F3D22FBB72A00C7387E = {
			isa = PBXGroup;
			children = (
				C0248F4822FBB72A00C7387E /* ZnTextViewSample */,
				C0248F5D22FBB72B00C7387E /* ZnTextViewSampleTests */,
				C0248F6822FBB72B00C7387E /* ZnTextViewSampleUITests */,
				C0248F4722FBB72A00C7387E /* Products */,
			);
			sourceTree = "<group>";
		};
		C0248F4722FBB72A00C7387E /* Products */ = {
			isa = PBXGroup;
			children = (
				C0248F4622FBB72A00C7387E /* ZnTextViewSample.app */,
				C0248F5A22FBB72B00C7387E /* ZnTextViewSampleTests.xctest */,
				C0248F6522FBB72B00C7387E /* ZnTextViewSampleUITests.xctest */,
			);
			name = Products;
			sourceTree = "<group>";
		};
		C0248F4822FBB72A00C7387E /* ZnTextViewSample */ = {
			isa = PBXGroup;
			children = (
				C0248F7922FBFD4C00C7387E /* ZnTextView.swift */,
				C0248F4922FBB72A00C7387E /* AppDelegate.swift */,
				C0248F4B22FBB72A00C7387E /* ViewController.swift */,
				C0248F4D22FBB72A00C7387E /* Main.storyboard */,
				C0248F5022FBB72A00C7387E /* Assets.xcassets */,
				C0248F5222FBB72A00C7387E /* LaunchScreen.storyboard */,
				C0248F5522FBB72A00C7387E /* Info.plist */,
			);
			path = ZnTextViewSample;
			sourceTree = "<group>";
		};
		C0248F5D22FBB72B00C7387E /* ZnTextViewSampleTests */ = {
			isa = PBXGroup;
			children = (
				C0248F5E22FBB72B00C7387E /* ZnTextViewSampleTests.swift */,
				C0248F6022FBB72B00C7387E /* Info.plist */,
			);
			path = ZnTextViewSampleTests;
			sourceTree = "<group>";
		};
		C0248F6822FBB72B00C7387E /* ZnTextViewSampleUITests */ = {
			isa = PBXGroup;
			children = (
				C0248F6922FBB72B00C7387E /* ZnTextViewSampleUITests.swift */,
				C0248F6B22FBB72B00C7387E /* Info.plist */,
			);
			path = ZnTextViewSampleUITests;
			sourceTree = "<group>";
		};
/* End PBXGroup section */

/* Begin PBXNativeTarget section */
		C0248F4522FBB72A00C7387E /* ZnTextViewSample */ = {
			isa = PBXNativeTarget;
			buildConfigurationList = C0248F6E22FBB72B00C7387E /* Build configuration list for PBXNativeTarget "ZnTextViewSample" */;
			buildPhases = (
				C0248F4222FBB72A00C7387E /* Sources */,
				C0248F4322FBB72A00C7387E /* Frameworks */,
				C0248F4422FBB72A00C7387E /* Resources */,
			);
			buildRules = (
			);
			dependencies = (
			);
			name = ZnTextViewSample;
			productName = ZnTextViewSample;
			productReference = C0248F4622FBB72A00C7387E /* ZnTextViewSample.app */;
			productType = "com.apple.product-type.application";
		};
		C0248F5922FBB72B00C7387E /* ZnTextViewSampleTests */ = {
			isa = PBXNativeTarget;
			buildConfigurationList = C0248F7122FBB72B00C7387E /* Build configuration list for PBXNativeTarget "ZnTextViewSampleTests" */;
			buildPhases = (
				C0248F5622FBB72B00C7387E /* Sources */,
				C0248F5722FBB72B00C7387E /* Frameworks */,
				C0248F5822FBB72B00C7387E /* Resources */,
			);
			buildRules = (
			);
			dependencies = (
				C0248F5C22FBB72B00C7387E /* PBXTargetDependency */,
			);
			name = ZnTextViewSampleTests;
			productName = ZnTextViewSampleTests;
			productReference = C0248F5A22FBB72B00C7387E /* ZnTextViewSampleTests.xctest */;
			productType = "com.apple.product-type.bundle.unit-test";
		};
		C0248F6422FBB72B00C7387E /* ZnTextViewSampleUITests */ = {
			isa = PBXNativeTarget;
			buildConfigurationList = C0248F7422FBB72B00C7387E /* Build configuration list for PBXNativeTarget "ZnTextViewSampleUITests" */;
			buildPhases = (
				C0248F6122FBB72B00C7387E /* Sources */,
				C0248F6222FBB72B00C7387E /* Frameworks */,
				C0248F6322FBB72B00C7387E /* Resources */,
			);
			buildRules = (
			);
			dependencies = (
				C0248F6722FBB72B00C7387E /* PBXTargetDependency */,
			);
			name = ZnTextViewSampleUITests;
			productName = ZnTextViewSampleUITests;
			productReference = C0248F6522FBB72B00C7387E /* ZnTextViewSampleUITests.xctest */;
			productType = "com.apple.product-type.bundle.ui-testing";
		};
/* End PBXNativeTarget section */

/* Begin PBXProject section */
		C0248F3E22FBB72A00C7387E /* Project object */ = {
			isa = PBXProject;
			attributes = {
				LastSwiftUpdateCheck = 1030;
				LastUpgradeCheck = 1030;
				ORGANIZATIONNAME = znfod;
				TargetAttributes = {
					C0248F4522FBB72A00C7387E = {
						CreatedOnToolsVersion = 10.3;
					};
					C0248F5922FBB72B00C7387E = {
						CreatedOnToolsVersion = 10.3;
						TestTargetID = C0248F4522FBB72A00C7387E;
					};
					C0248F6422FBB72B00C7387E = {
						CreatedOnToolsVersion = 10.3;
						TestTargetID = C0248F4522FBB72A00C7387E;
					};
				};
			};
			buildConfigurationList = C0248F4122FBB72A00C7387E /* Build configuration list for PBXProject "ZnTextViewSample" */;
			compatibilityVersion = "Xcode 9.3";
			developmentRegion = en;
			hasScannedForEncodings = 0;
			knownRegions = (
				en,
				Base,
			);
			mainGroup = C0248F3D22FBB72A00C7387E;
			productRefGroup = C0248F4722FBB72A00C7387E /* Products */;
			projectDirPath = "";
			projectRoot = "";
			targets = (
				C0248F4522FBB72A00C7387E /* ZnTextViewSample */,
				C0248F5922FBB72B00C7387E /* ZnTextViewSampleTests */,
				C0248F6422FBB72B00C7387E /* ZnTextViewSampleUITests */,
			);
		};
/* End PBXProject section */

/* Begin PBXResourcesBuildPhase section */
		C0248F4422FBB72A00C7387E /* Resources */ = {
			isa = PBXResourcesBuildPhase;
			buildActionMask = 2147483647;
			files = (
				C0248F5422FBB72A00C7387E /* LaunchScreen.storyboard in Resources */,
				C0248F5122FBB72A00C7387E /* Assets.xcassets in Resources */,
				C0248F4F22FBB72A00C7387E /* Main.storyboard in Resources */,
			);
			runOnlyForDeploymentPostprocessing = 0;
		};
		C0248F5822FBB72B00C7387E /* Resources */ = {
			isa = PBXResourcesBuildPhase;
			buildActionMask = 2147483647;
			files = (
			);
			runOnlyForDeploymentPostprocessing = 0;
		};
		C0248F6322FBB72B00C7387E /* Resources */ = {
			isa = PBXResourcesBuildPhase;
			buildActionMask = 2147483647;
			files = (
			);
			runOnlyForDeploymentPostprocessing = 0;
		};
/* End PBXResourcesBuildPhase section */

/* Begin PBXSourcesBuildPhase section */
		C0248F4222FBB72A00C7387E /* Sources */ = {
			isa = PBXSourcesBuildPhase;
			buildActionMask = 2147483647;
			files = (
				C0248F4C22FBB72A00C7387E /* ViewController.swift in Sources */,
				C0248F7A22FBFD4C00C7387E /* ZnTextView.swift in Sources */,
				C0248F4A22FBB72A00C7387E /* AppDelegate.swift in Sources */,
			);
			runOnlyForDeploymentPostprocessing = 0;
		};
		C0248F5622FBB72B00C7387E /* Sources */ = {
			isa = PBXSourcesBuildPhase;
			buildActionMask = 2147483647;
			files = (
				C0248F5F22FBB72B00C7387E /* ZnTextViewSampleTests.swift in Sources */,
			);
			runOnlyForDeploymentPostprocessing = 0;
		};
		C0248F6122FBB72B00C7387E /* Sources */ = {
			isa = PBXSourcesBuildPhase;
			buildActionMask = 2147483647;
			files = (
				C0248F6A22FBB72B00C7387E /* ZnTextViewSampleUITests.swift in Sources */,
			);
			runOnlyForDeploymentPostprocessing = 0;
		};
/* End PBXSourcesBuildPhase section */

/* Begin PBXTargetDependency section */
		C0248F5C22FBB72B00C7387E /* PBXTargetDependency */ = {
			isa = PBXTargetDependency;
			target = C0248F4522FBB72A00C7387E /* ZnTextViewSample */;
			targetProxy = C0248F5B22FBB72B00C7387E /* PBXContainerItemProxy */;
		};
		C0248F6722FBB72B00C7387E /* PBXTargetDependency */ = {
			isa = PBXTargetDependency;
			target = C0248F4522FBB72A00C7387E /* ZnTextViewSample */;
			targetProxy = C0248F6622FBB72B00C7387E /* PBXContainerItemProxy */;
		};
/* End PBXTargetDependency section */

/* Begin PBXVariantGroup section */
		C0248F4D22FBB72A00C7387E /* Main.storyboard */ = {
			isa = PBXVariantGroup;
			children = (
				C0248F4E22FBB72A00C7387E /* Base */,
			);
			name = Main.storyboard;
			sourceTree = "<group>";
		};
		C0248F5222FBB72A00C7387E /* LaunchScreen.storyboard */ = {
			isa = PBXVariantGroup;
			children = (
				C0248F5322FBB72A00C7387E /* Base */,
			);
			name = LaunchScreen.storyboard;
			sourceTree = "<group>";
		};
/* End PBXVariantGroup section */

/* Begin XCBuildConfiguration section */
		C0248F6C22FBB72B00C7387E /* Debug */ = {
			isa = XCBuildConfiguration;
			buildSettings = {
				ALWAYS_SEARCH_USER_PATHS = NO;
				CLANG_ANALYZER_NONNULL = YES;
				CLANG_ANALYZER_NUMBER_OBJECT_CONVERSION = YES_AGGRESSIVE;
				CLANG_CXX_LANGUAGE_STANDARD = "gnu++14";
				CLANG_CXX_LIBRARY = "libc++";
				CLANG_ENABLE_MODULES = YES;
				CLANG_ENABLE_OBJC_ARC = YES;
				CLANG_ENABLE_OBJC_WEAK = YES;
				CLANG_WARN_BLOCK_CAPTURE_AUTORELEASING = YES;
				CLANG_WARN_BOOL_CONVERSION = YES;
				CLANG_WARN_COMMA = YES;
				CLANG_WARN_CONSTANT_CONVERSION = YES;
				CLANG_WARN_DEPRECATED_OBJC_IMPLEMENTATIONS = YES;
				CLANG_WARN_DIRECT_OBJC_ISA_USAGE = YES_ERROR;
				CLANG_WARN_DOCUMENTATION_COMMENTS = YES;
				CLANG_WARN_EMPTY_BODY = YES;
				CLANG_WARN_ENUM_CONVERSION = YES;
				CLANG_WARN_INFINITE_RECURSION = YES;
				CLANG_WARN_INT_CONVERSION = YES;
				CLANG_WARN_NON_LITERAL_NULL_CONVERSION = YES;
				CLANG_WARN_OBJC_IMPLICIT_RETAIN_SELF = YES;
				CLANG_WARN_OBJC_LITERAL_CONVERSION = YES;
				CLANG_WARN_OBJC_ROOT_CLASS = YES_ERROR;
				CLANG_WARN_RANGE_LOOP_ANALYSIS = YES;
				CLANG_WARN_STRICT_PROTOTYPES = YES;
				CLANG_WARN_SUSPICIOUS_MOVE = YES;
				CLANG_WARN_UNGUARDED_AVAILABILITY = YES_AGGRESSIVE;
				CLANG_WARN_UNREACHABLE_CODE = YES;
				CLANG_WARN__DUPLICATE_METHOD_MATCH = YES;
				CODE_SIGN_IDENTITY = "iPhone Developer";
				COPY_PHASE_STRIP = NO;
				DEBUG_INFORMATION_FORMAT = dwarf;
				ENABLE_STRICT_OBJC_MSGSEND = YES;
				ENABLE_TESTABILITY = YES;
				GCC_C_LANGUAGE_STANDARD = gnu11;
				GCC_DYNAMIC_NO_PIC = NO;
				GCC_NO_COMMON_BLOCKS = YES;
				GCC_OPTIMIZATION_LEVEL = 0;
				GCC_PREPROCESSOR_DEFINITIONS = (
					"DEBUG=1",
					"$(inherited)",
				);
				GCC_WARN_64_TO_32_BIT_CONVERSION = YES;
				GCC_WARN_ABOUT_RETURN_TYPE = YES_ERROR;
				GCC_WARN_UNDECLARED_SELECTOR = YES;
				GCC_WARN_UNINITIALIZED_AUTOS = YES_AGGRESSIVE;
				GCC_WARN_UNUSED_FUNCTION = YES;
				GCC_WARN_UNUSED_VARIABLE = YES;
				IPHONEOS_DEPLOYMENT_TARGET = 12.4;
				MTL_ENABLE_DEBUG_INFO = INCLUDE_SOURCE;
				MTL_FAST_MATH = YES;
				ONLY_ACTIVE_ARCH = YES;
				SDKROOT = iphoneos;
				SWIFT_ACTIVE_COMPILATION_CONDITIONS = DEBUG;
				SWIFT_OPTIMIZATION_LEVEL = "-Onone";
			};
			name = Debug;
		};
		C0248F6D22FBB72B00C7387E /* Release */ = {
			isa = XCBuildConfiguration;
			buildSettings = {
				ALWAYS_SEARCH_USER_PATHS = NO;
				CLANG_ANALYZER_NONNULL = YES;
				CLANG_ANALYZER_NUMBER_OBJECT_CONVERSION = YES_AGGRESSIVE;
				CLANG_CXX_LANGUAGE_STANDARD = "gnu++14";
				CLANG_CXX_LIBRARY = "libc++";
				CLANG_ENABLE_MODULES = YES;
				CLANG_ENABLE_OBJC_ARC = YES;
				CLANG_ENABLE_OBJC_WEAK = YES;
				CLANG_WARN_BLOCK_CAPTURE_AUTORELEASING = YES;
				CLANG_WARN_BOOL_CONVERSION = YES;
				CLANG_WARN_COMMA = YES;
				CLANG_WARN_CONSTANT_CONVERSION = YES;
				CLANG_WARN_DEPRECATED_OBJC_IMPLEMENTATIONS = YES;
				CLANG_WARN_DIRECT_OBJC_ISA_USAGE = YES_ERROR;
				CLANG_WARN_DOCUMENTATION_COMMENTS = YES;
				CLANG_WARN_EMPTY_BODY = YES;
				CLANG_WARN_ENUM_CONVERSION = YES;
				CLANG_WARN_INFINITE_RECURSION = YES;
				CLANG_WARN_INT_CONVERSION = YES;
				CLANG_WARN_NON_LITERAL_NULL_CONVERSION = YES;
				CLANG_WARN_OBJC_IMPLICIT_RETAIN_SELF = YES;
				CLANG_WARN_OBJC_LITERAL_CONVERSION = YES;
				CLANG_WARN_OBJC_ROOT_CLASS = YES_ERROR;
				CLANG_WARN_RANGE_LOOP_ANALYSIS = YES;
				CLANG_WARN_STRICT_PROTOTYPES = YES;
				CLANG_WARN_SUSPICIOUS_MOVE = YES;
				CLANG_WARN_UNGUARDED_AVAILABILITY = YES_AGGRESSIVE;
				CLANG_WARN_UNREACHABLE_CODE = YES;
				CLANG_WARN__DUPLICATE_METHOD_MATCH = YES;
				CODE_SIGN_IDENTITY = "iPhone Developer";
				COPY_PHASE_STRIP = NO;
				DEBUG_INFORMATION_FORMAT = "dwarf-with-dsym";
				ENABLE_NS_ASSERTIONS = NO;
				ENABLE_STRICT_OBJC_MSGSEND = YES;
				GCC_C_LANGUAGE_STANDARD = gnu11;
				GCC_NO_COMMON_BLOCKS = YES;
				GCC_WARN_64_TO_32_BIT_CONVERSION = YES;
				GCC_WARN_ABOUT_RETURN_TYPE = YES_ERROR;
				GCC_WARN_UNDECLARED_SELECTOR = YES;
				GCC_WARN_UNINITIALIZED_AUTOS = YES_AGGRESSIVE;
				GCC_WARN_UNUSED_FUNCTION = YES;
				GCC_WARN_UNUSED_VARIABLE = YES;
				IPHONEOS_DEPLOYMENT_TARGET = 12.4;
				MTL_ENABLE_DEBUG_INFO = NO;
				MTL_FAST_MATH = YES;
				SDKROOT = iphoneos;
				SWIFT_COMPILATION_MODE = wholemodule;
				SWIFT_OPTIMIZATION_LEVEL = "-O";
				VALIDATE_PRODUCT = YES;
			};
			name = Release;
		};
		C0248F6F22FBB72B00C7387E /* Debug */ = {
			isa = XCBuildConfiguration;
			buildSettings = {
				ASSETCATALOG_COMPILER_APPICON_NAME = AppIcon;
				CODE_SIGN_STYLE = Automatic;
				FRAMEWORK_SEARCH_PATHS = (
					"$(inherited)",
					"$(PROJECT_DIR)/ZnTextViewSample",
				);
				INFOPLIST_FILE = ZnTextViewSample/Info.plist;
				LD_RUNPATH_SEARCH_PATHS = (
					"$(inherited)",
					"@executable_path/Frameworks",
				);
				PRODUCT_BUNDLE_IDENTIFIER = com.znfod.ZnTextViewSample;
				PRODUCT_NAME = "$(TARGET_NAME)";
				SWIFT_VERSION = 5.0;
				TARGETED_DEVICE_FAMILY = "1,2";
			};
			name = Debug;
		};
		C0248F7022FBB72B00C7387E /* Release */ = {
			isa = XCBuildConfiguration;
			buildSettings = {
				ASSETCATALOG_COMPILER_APPICON_NAME = AppIcon;
				CODE_SIGN_STYLE = Automatic;
				FRAMEWORK_SEARCH_PATHS = (
					"$(inherited)",
					"$(PROJECT_DIR)/ZnTextViewSample",
				);
				INFOPLIST_FILE = ZnTextViewSample/Info.plist;
				LD_RUNPATH_SEARCH_PATHS = (
					"$(inherited)",
					"@executable_path/Frameworks",
				);
				PRODUCT_BUNDLE_IDENTIFIER = com.znfod.ZnTextViewSample;
				PRODUCT_NAME = "$(TARGET_NAME)";
				SWIFT_VERSION = 5.0;
				TARGETED_DEVICE_FAMILY = "1,2";
			};
			name = Release;
		};
		C0248F7222FBB72B00C7387E /* Debug */ = {
			isa = XCBuildConfiguration;
			buildSettings = {
				ALWAYS_EMBED_SWIFT_STANDARD_LIBRARIES = YES;
				BUNDLE_LOADER = "$(TEST_HOST)";
				CODE_SIGN_STYLE = Automatic;
				INFOPLIST_FILE = ZnTextViewSampleTests/Info.plist;
				LD_RUNPATH_SEARCH_PATHS = (
					"$(inherited)",
					"@executable_path/Frameworks",
					"@loader_path/Frameworks",
				);
				PRODUCT_BUNDLE_IDENTIFIER = com.znfod.ZnTextViewSampleTests;
				PRODUCT_NAME = "$(TARGET_NAME)";
				SWIFT_VERSION = 5.0;
				TARGETED_DEVICE_FAMILY = "1,2";
				TEST_HOST = "$(BUILT_PRODUCTS_DIR)/ZnTextViewSample.app/ZnTextViewSample";
			};
			name = Debug;
		};
		C0248F7322FBB72B00C7387E /* Release */ = {
			isa = XCBuildConfiguration;
			buildSettings = {
				ALWAYS_EMBED_SWIFT_STANDARD_LIBRARIES = YES;
				BUNDLE_LOADER = "$(TEST_HOST)";
				CODE_SIGN_STYLE = Automatic;
				INFOPLIST_FILE = ZnTextViewSampleTests/Info.plist;
				LD_RUNPATH_SEARCH_PATHS = (
					"$(inherited)",
					"@executable_path/Frameworks",
					"@loader_path/Frameworks",
				);
				PRODUCT_BUNDLE_IDENTIFIER = com.znfod.ZnTextViewSampleTests;
				PRODUCT_NAME = "$(TARGET_NAME)";
				SWIFT_VERSION = 5.0;
				TARGETED_DEVICE_FAMILY = "1,2";
				TEST_HOST = "$(BUILT_PRODUCTS_DIR)/ZnTextViewSample.app/ZnTextViewSample";
			};
			name = Release;
		};
		C0248F7522FBB72B00C7387E /* Debug */ = {
			isa = XCBuildConfiguration;
			buildSettings = {
				ALWAYS_EMBED_SWIFT_STANDARD_LIBRARIES = YES;
				CODE_SIGN_STYLE = Automatic;
				INFOPLIST_FILE = ZnTextViewSampleUITests/Info.plist;
				LD_RUNPATH_SEARCH_PATHS = (
					"$(inherited)",
					"@executable_path/Frameworks",
					"@loader_path/Frameworks",
				);
				PRODUCT_BUNDLE_IDENTIFIER = com.znfod.ZnTextViewSampleUITests;
				PRODUCT_NAME = "$(TARGET_NAME)";
				SWIFT_VERSION = 5.0;
				TARGETED_DEVICE_FAMILY = "1,2";
				TEST_TARGET_NAME = ZnTextViewSample;
			};
			name = Debug;
		};
		C0248F7622FBB72B00C7387E /* Release */ = {
			isa = XCBuildConfiguration;
			buildSettings = {
				ALWAYS_EMBED_SWIFT_STANDARD_LIBRARIES = YES;
				CODE_SIGN_STYLE = Automatic;
				INFOPLIST_FILE = ZnTextViewSampleUITests/Info.plist;
				LD_RUNPATH_SEARCH_PATHS = (
					"$(inherited)",
					"@executable_path/Frameworks",
					"@loader_path/Frameworks",
				);
				PRODUCT_BUNDLE_IDENTIFIER = com.znfod.ZnTextViewSampleUITests;
				PRODUCT_NAME = "$(TARGET_NAME)";
				SWIFT_VERSION = 5.0;
				TARGETED_DEVICE_FAMILY = "1,2";
				TEST_TARGET_NAME = ZnTextViewSample;
			};
			name = Release;
		};
/* End XCBuildConfiguration section */

/* Begin XCConfigurationList section */
		C0248F4122FBB72A00C7387E /* Build configuration list for PBXProject "ZnTextViewSample" */ = {
			isa = XCConfigurationList;
			buildConfigurations = (
				C0248F6C22FBB72B00C7387E /* Debug */,
				C0248F6D22FBB72B00C7387E /* Release */,
			);
			defaultConfigurationIsVisible = 0;
			defaultConfigurationName = Release;
		};
		C0248F6E22FBB72B00C7387E /* Build configuration list for PBXNativeTarget "ZnTextViewSample" */ = {
			isa = XCConfigurationList;
			buildConfigurations = (
				C0248F6F22FBB72B00C7387E /* Debug */,
				C0248F7022FBB72B00C7387E /* Release */,
			);
			defaultConfigurationIsVisible = 0;
			defaultConfigurationName = Release;
		};
		C0248F7122FBB72B00C7387E /* Build configuration list for PBXNativeTarget "ZnTextViewSampleTests" */ = {
			isa = XCConfigurationList;
			buildConfigurations = (
				C0248F7222FBB72B00C7387E /* Debug */,
				C0248F7322FBB72B00C7387E /* Release */,
			);
			defaultConfigurationIsVisible = 0;
			defaultConfigurationName = Release;
		};
		C0248F7422FBB72B00C7387E /* Build configuration list for PBXNativeTarget "ZnTextViewSampleUITests" */ = {
			isa = XCConfigurationList;
			buildConfigurations = (
				C0248F7522FBB72B00C7387E /* Debug */,
				C0248F7622FBB72B00C7387E /* Release */,
			);
			defaultConfigurationIsVisible = 0;
			defaultConfigurationName = Release;
		};
/* End XCConfigurationList section */
	};
	rootObject = C0248F3E22FBB72A00C7387E /* Project object */;
}
